
Microsoft Visual Studio Solution File, Format Version 12.00
# Visual Studio Version 17
VisualStudioVersion = 17.4.33213.308
MinimumVisualStudioVersion = 10.0.40219.1
Project("{2150E333-8FDC-42A3-9474-1A3956D46DE8}") = "src", "src", "{A2BAA653-6D74-49F7-A5EB-C12061759C1F}"
EndProject
Project("{2150E333-8FDC-42A3-9474-1A3956D46DE8}") = "tests", "tests", "{AE6AD720-A02E-4E46-9E05-0C7C28D56D70}"
EndProject
Project("{2150E333-8FDC-42A3-9474-1A3956D46DE8}") = "3 - Application", "3 - Application", "{B3D98F97-5D4C-46D6-B100-29C9D3163D3E}"
EndProject
Project("{2150E333-8FDC-42A3-9474-1A3956D46DE8}") = "1 - Presentation", "1 - Presentation", "{C48C97F7-D5A8-4C38-A577-E702AB9535A8}"
EndProject
Project("{2150E333-8FDC-42A3-9474-1A3956D46DE8}") = "2 - Services", "2 - Services", "{23EA28E5-226B-49FF-ACB0-9E750FF75C8D}"
EndProject
Project("{2150E333-8FDC-42A3-9474-1A3956D46DE8}") = "ConsoleApps", "ConsoleApps", "{31AECFAD-081F-46A2-9604-EECB87CD2CBB}"
EndProject
Project("{9A19103F-16F7-4668-BE54-9A1E7A4F7556}") = "ExtratorDadosConsoleApp", "src\2 - Services\ConsoleApps\ExtratorDadosConsoleApp\ExtratorDadosConsoleApp.csproj", "{0FFA01EE-30CF-4F32-8B73-59E3AF436B89}"
EndProject
Project("{2150E333-8FDC-42A3-9474-1A3956D46DE8}") = "4 - Domain", "4 - Domain", "{A489ADC3-C386-4C34-8B26-5E460BA34403}"
EndProject
Project("{9A19103F-16F7-4668-BE54-9A1E7A4F7556}") = "ExtratorDados.Domain", "src\4 - Domain\ExtratorDados.Domain\ExtratorDados.Domain.csproj", "{B175374A-CBF7-47C8-AD90-12D2C51DA060}"
EndProject
Project("{2150E333-8FDC-42A3-9474-1A3956D46DE8}") = "5 - CrossCutting", "5 - CrossCutting", "{A73DFCA9-69DF-464B-A0BB-1FBCB1FC932E}"
EndProject
Project("{2150E333-8FDC-42A3-9474-1A3956D46DE8}") = "Read", "Read", "{DC1F205A-485D-4E7B-B8AE-88089D012037}"
EndProject
Project("{2150E333-8FDC-42A3-9474-1A3956D46DE8}") = "Write", "Write", "{B161AE3B-7DF9-4925-8BCF-0BEC4164E22A}"
EndProject
Project("{9A19103F-16F7-4668-BE54-9A1E7A4F7556}") = "ExtratorDados", "src\1 - Presentation\ExtratorDados\ExtratorDados.csproj", "{0B4F5AEB-C8AC-4905-A022-C07BDE4E4425}"
EndProject
Project("{9A19103F-16F7-4668-BE54-9A1E7A4F7556}") = "ExtratorDados.CrossCutting.Read.Excel", "src\5 - CrossCutting\Read\ExtratorDados.CrossCutting.Read.Excel\ExtratorDados.CrossCutting.Read.Excel.csproj", "{35B6B6D7-07BD-4F6B-A62E-745C093FE462}"
EndProject
Project("{2150E333-8FDC-42A3-9474-1A3956D46DE8}") = "CrossCutting", "CrossCutting", "{557818A0-B971-4517-B0D1-149C10B06CDC}"
EndProject
Project("{2150E333-8FDC-42A3-9474-1A3956D46DE8}") = "Read", "Read", "{641A1E4D-90A0-4A17-BF2C-0AA68B33BF50}"
EndProject
Project("{9A19103F-16F7-4668-BE54-9A1E7A4F7556}") = "ExtratorDados.CrossCutting.Read.ExcelTests", "tests\CrossCutting\Read\ExtratorDados.CrossCutting.Read.ExcelTests\ExtratorDados.CrossCutting.Read.ExcelTests.csproj", "{6645C0B1-68AD-4261-AFB8-9EB64CE5E23F}"
EndProject
Project("{9A19103F-16F7-4668-BE54-9A1E7A4F7556}") = "ExtratorDados.CrossCutting.Read.PDF", "src\5 - CrossCutting\Read\ExtratorDados.CrossCutting.Read.PDF\ExtratorDados.CrossCutting.Read.PDF.csproj", "{27F78A20-CBC2-47C3-9351-D581423258B5}"
EndProject
Project("{9A19103F-16F7-4668-BE54-9A1E7A4F7556}") = "ExtratorDados.Application", "src\3 - Application\ExtratorDados.Application\ExtratorDados.Application.csproj", "{699C151A-4F40-4AD9-9786-5562AC4C9BB3}"
EndProject
Project("{9A19103F-16F7-4668-BE54-9A1E7A4F7556}") = "ExtratorDados.CrossCutting.Write.CSV", "src\5 - CrossCutting\Write\CSV\ExtratorDados.CrossCutting.Write.CSV\ExtratorDados.CrossCutting.Write.CSV.csproj", "{E82CF984-D110-4302-BF53-2FB6FE5CD5FB}"
EndProject
Project("{9A19103F-16F7-4668-BE54-9A1E7A4F7556}") = "ExtratorDados.CrossCutting.Read.TXT", "src\5 - CrossCutting\Read\ExtratorDados.CrossCutting.Read.TXT\ExtratorDados.CrossCutting.Read.TXT.csproj", "{82158520-DC93-4B38-9BD5-2E79DC5B73B9}"
EndProject
Project("{9A19103F-16F7-4668-BE54-9A1E7A4F7556}") = "ExtratorDados.CrossCutting.Write.Excel", "src\5 - CrossCutting\Write\Excel\ExtratorDados.CrossCutting.Write.Excel\ExtratorDados.CrossCutting.Write.Excel.csproj", "{2A445EE0-1973-469F-BA04-F3CA7941B2A4}"
EndProject
Project("{9A19103F-16F7-4668-BE54-9A1E7A4F7556}") = "ExtratorDados.CrossCutting.Read.PDFTests", "tests\CrossCutting\Read\ExtratorDados.CrossCutting.Read.PDFTests\ExtratorDados.CrossCutting.Read.PDFTests.csproj", "{DA76AF8B-9A8F-4516-A21B-3049805E7E8A}"
EndProject
Project("{9A19103F-16F7-4668-BE54-9A1E7A4F7556}") = "ExtratorDados.CrossCutting.Write.TXT", "src\5 - CrossCutting\Write\ExtratorDados.CrossCutting.Write.TXT\ExtratorDados.CrossCutting.Write.TXT.csproj", "{FF3EF4C0-3E04-4478-B667-936BAA7C9434}"
EndProject
Project("{2150E333-8FDC-42A3-9474-1A3956D46DE8}") = "3 - Application", "3 - Application", "{58497948-215D-4C86-82BF-040319A37844}"
EndProject
Project("{9A19103F-16F7-4668-BE54-9A1E7A4F7556}") = "ExtratorDados.Application.ExtratorDadosSalContINSSTests", "tests\3 - Application\ExtratorDadosSalContINSS\ExtratorDados.Application.ExtratorDadosSalContINSSTests\ExtratorDados.Application.ExtratorDadosSalContINSSTests.csproj", "{2D4E185A-7267-47B4-8C56-2AB6C8806B2B}"
EndProject
Project("{9A19103F-16F7-4668-BE54-9A1E7A4F7556}") = "ExtratorDadosSalContINSS.ConsoleApp", "src\2 - Services\ConsoleApps\ExtratorDadosSalContINSS.ConsoleApp\ExtratorDadosSalContINSS.ConsoleApp.csproj", "{6ED19C4E-7C49-4230-9036-90F446490D80}"
EndProject
Project("{2150E333-8FDC-42A3-9474-1A3956D46DE8}") = "Apis", "Apis", "{AD636A2C-B349-4888-AA06-EF3FEDFDCC21}"
EndProject
Project("{9A19103F-16F7-4668-BE54-9A1E7A4F7556}") = "ExtratorDados.WebApi", "src\2 - Services\Apis\ExtratorDados.WebApi\ExtratorDados.WebApi.csproj", "{B210F4CE-CA14-4AE9-A55C-77C2A067380F}"
EndProject
Project("{9A19103F-16F7-4668-BE54-9A1E7A4F7556}") = "ExtratorDados.WebMVC", "src\1 - Presentation\ExtratorDados.WebMVC\ExtratorDados.WebMVC.csproj", "{12C95696-9861-4C7B-8FD8-83D454D6B2E6}"
EndProject
Project("{2150E333-8FDC-42A3-9474-1A3956D46DE8}") = "PDF", "PDF", "{74E2E9CD-5ACB-497A-98F2-C92BB710019D}"
EndProject
Project("{2150E333-8FDC-42A3-9474-1A3956D46DE8}") = "5 - CrossCutting", "5 - CrossCutting", "{1C76D2B8-0C3E-4530-9F3C-BA3D504F220A}"
EndProject
Project("{9A19103F-16F7-4668-BE54-9A1E7A4F7556}") = "ExtratorDados.CrossCutting.Tests", "tests\5 - CrossCutting\ExtratorDados.CrossCutting.Tests\ExtratorDados.CrossCutting.Tests.csproj", "{A287D296-1AAC-45A5-8826-5667D64538A0}"
EndProject
Project("{9A19103F-16F7-4668-BE54-9A1E7A4F7556}") = "ExtratorDados.CrossCutting.PDF", "src\5 - CrossCutting\PDF\ExtratorDados.CrossCutting.PDF\ExtratorDados.CrossCutting.PDF.csproj", "{06DBA36C-2FAA-4E92-A10D-9A749C5DE30B}"
EndProject
Project("{9A19103F-16F7-4668-BE54-9A1E7A4F7556}") = "ExtratorDados.RAIS.Tests", "tests\ExtratorDados.RAIS.Tests\ExtratorDados.RAIS.Tests.csproj", "{98C71F59-E0AF-48D6-9D3C-D74C9AFE2B3D}"
EndProject
Project("{2150E333-8FDC-42A3-9474-1A3956D46DE8}") = "Dados", "Dados", "{F9C7FA37-FBA8-4F02-BA94-450EABE96584}"
EndProject
Project("{9A19103F-16F7-4668-BE54-9A1E7A4F7556}") = "ExtratorDados.CrossCutting.Dados", "src\5 - CrossCutting\Dados\ExtratorDados.CrossCutting.Dados\ExtratorDados.CrossCutting.Dados.csproj", "{42057937-BD6F-4952-8B8B-E0E804C3CFA3}"
EndProject
Global
	GlobalSection(SolutionConfigurationPlatforms) = preSolution
		Debug|Any CPU = Debug|Any CPU
		Release|Any CPU = Release|Any CPU
	EndGlobalSection
	GlobalSection(ProjectConfigurationPlatforms) = postSolution
		{0FFA01EE-30CF-4F32-8B73-59E3AF436B89}.Debug|Any CPU.ActiveCfg = Debug|Any CPU
		{0FFA01EE-30CF-4F32-8B73-59E3AF436B89}.Debug|Any CPU.Build.0 = Debug|Any CPU
		{0FFA01EE-30CF-4F32-8B73-59E3AF436B89}.Release|Any CPU.ActiveCfg = Release|Any CPU
		{0FFA01EE-30CF-4F32-8B73-59E3AF436B89}.Release|Any CPU.Build.0 = Release|Any CPU
		{B175374A-CBF7-47C8-AD90-12D2C51DA060}.Debug|Any CPU.ActiveCfg = Debug|Any CPU
		{B175374A-CBF7-47C8-AD90-12D2C51DA060}.Debug|Any CPU.Build.0 = Debug|Any CPU
		{B175374A-CBF7-47C8-AD90-12D2C51DA060}.Release|Any CPU.ActiveCfg = Release|Any CPU
		{B175374A-CBF7-47C8-AD90-12D2C51DA060}.Release|Any CPU.Build.0 = Release|Any CPU
		{0B4F5AEB-C8AC-4905-A022-C07BDE4E4425}.Debug|Any CPU.ActiveCfg = Debug|Any CPU
		{0B4F5AEB-C8AC-4905-A022-C07BDE4E4425}.Debug|Any CPU.Build.0 = Debug|Any CPU
		{0B4F5AEB-C8AC-4905-A022-C07BDE4E4425}.Release|Any CPU.ActiveCfg = Release|Any CPU
		{0B4F5AEB-C8AC-4905-A022-C07BDE4E4425}.Release|Any CPU.Build.0 = Release|Any CPU
		{35B6B6D7-07BD-4F6B-A62E-745C093FE462}.Debug|Any CPU.ActiveCfg = Debug|Any CPU
		{35B6B6D7-07BD-4F6B-A62E-745C093FE462}.Debug|Any CPU.Build.0 = Debug|Any CPU
		{35B6B6D7-07BD-4F6B-A62E-745C093FE462}.Release|Any CPU.ActiveCfg = Release|Any CPU
		{35B6B6D7-07BD-4F6B-A62E-745C093FE462}.Release|Any CPU.Build.0 = Release|Any CPU
		{6645C0B1-68AD-4261-AFB8-9EB64CE5E23F}.Debug|Any CPU.ActiveCfg = Debug|Any CPU
		{6645C0B1-68AD-4261-AFB8-9EB64CE5E23F}.Debug|Any CPU.Build.0 = Debug|Any CPU
		{6645C0B1-68AD-4261-AFB8-9EB64CE5E23F}.Release|Any CPU.ActiveCfg = Release|Any CPU
		{6645C0B1-68AD-4261-AFB8-9EB64CE5E23F}.Release|Any CPU.Build.0 = Release|Any CPU
		{27F78A20-CBC2-47C3-9351-D581423258B5}.Debug|Any CPU.ActiveCfg = Debug|Any CPU
		{27F78A20-CBC2-47C3-9351-D581423258B5}.Debug|Any CPU.Build.0 = Debug|Any CPU
		{27F78A20-CBC2-47C3-9351-D581423258B5}.Release|Any CPU.ActiveCfg = Release|Any CPU
		{27F78A20-CBC2-47C3-9351-D581423258B5}.Release|Any CPU.Build.0 = Release|Any CPU
		{699C151A-4F40-4AD9-9786-5562AC4C9BB3}.Debug|Any CPU.ActiveCfg = Debug|Any CPU
		{699C151A-4F40-4AD9-9786-5562AC4C9BB3}.Debug|Any CPU.Build.0 = Debug|Any CPU
		{699C151A-4F40-4AD9-9786-5562AC4C9BB3}.Release|Any CPU.ActiveCfg = Release|Any CPU
		{699C151A-4F40-4AD9-9786-5562AC4C9BB3}.Release|Any CPU.Build.0 = Release|Any CPU
		{E82CF984-D110-4302-BF53-2FB6FE5CD5FB}.Debug|Any CPU.ActiveCfg = Debug|Any CPU
		{E82CF984-D110-4302-BF53-2FB6FE5CD5FB}.Debug|Any CPU.Build.0 = Debug|Any CPU
		{E82CF984-D110-4302-BF53-2FB6FE5CD5FB}.Release|Any CPU.ActiveCfg = Release|Any CPU
		{E82CF984-D110-4302-BF53-2FB6FE5CD5FB}.Release|Any CPU.Build.0 = Release|Any CPU
		{82158520-DC93-4B38-9BD5-2E79DC5B73B9}.Debug|Any CPU.ActiveCfg = Debug|Any CPU
		{82158520-DC93-4B38-9BD5-2E79DC5B73B9}.Debug|Any CPU.Build.0 = Debug|Any CPU
		{82158520-DC93-4B38-9BD5-2E79DC5B73B9}.Release|Any CPU.ActiveCfg = Release|Any CPU
		{82158520-DC93-4B38-9BD5-2E79DC5B73B9}.Release|Any CPU.Build.0 = Release|Any CPU
		{2A445EE0-1973-469F-BA04-F3CA7941B2A4}.Debug|Any CPU.ActiveCfg = Debug|Any CPU
		{2A445EE0-1973-469F-BA04-F3CA7941B2A4}.Debug|Any CPU.Build.0 = Debug|Any CPU
		{2A445EE0-1973-469F-BA04-F3CA7941B2A4}.Release|Any CPU.ActiveCfg = Release|Any CPU
		{2A445EE0-1973-469F-BA04-F3CA7941B2A4}.Release|Any CPU.Build.0 = Release|Any CPU
		{DA76AF8B-9A8F-4516-A21B-3049805E7E8A}.Debug|Any CPU.ActiveCfg = Debug|Any CPU
		{DA76AF8B-9A8F-4516-A21B-3049805E7E8A}.Debug|Any CPU.Build.0 = Debug|Any CPU
		{DA76AF8B-9A8F-4516-A21B-3049805E7E8A}.Release|Any CPU.ActiveCfg = Release|Any CPU
		{DA76AF8B-9A8F-4516-A21B-3049805E7E8A}.Release|Any CPU.Build.0 = Release|Any CPU
		{FF3EF4C0-3E04-4478-B667-936BAA7C9434}.Debug|Any CPU.ActiveCfg = Debug|Any CPU
		{FF3EF4C0-3E04-4478-B667-936BAA7C9434}.Debug|Any CPU.Build.0 = Debug|Any CPU
		{FF3EF4C0-3E04-4478-B667-936BAA7C9434}.Release|Any CPU.ActiveCfg = Release|Any CPU
		{FF3EF4C0-3E04-4478-B667-936BAA7C9434}.Release|Any CPU.Build.0 = Release|Any CPU
		{2D4E185A-7267-47B4-8C56-2AB6C8806B2B}.Debug|Any CPU.ActiveCfg = Debug|Any CPU
		{2D4E185A-7267-47B4-8C56-2AB6C8806B2B}.Debug|Any CPU.Build.0 = Debug|Any CPU
		{2D4E185A-7267-47B4-8C56-2AB6C8806B2B}.Release|Any CPU.ActiveCfg = Release|Any CPU
		{2D4E185A-7267-47B4-8C56-2AB6C8806B2B}.Release|Any CPU.Build.0 = Release|Any CPU
		{6ED19C4E-7C49-4230-9036-90F446490D80}.Debug|Any CPU.ActiveCfg = Debug|Any CPU
		{6ED19C4E-7C49-4230-9036-90F446490D80}.Debug|Any CPU.Build.0 = Debug|Any CPU
		{6ED19C4E-7C49-4230-9036-90F446490D80}.Release|Any CPU.ActiveCfg = Release|Any CPU
		{6ED19C4E-7C49-4230-9036-90F446490D80}.Release|Any CPU.Build.0 = Release|Any CPU
		{B210F4CE-CA14-4AE9-A55C-77C2A067380F}.Debug|Any CPU.ActiveCfg = Debug|Any CPU
		{B210F4CE-CA14-4AE9-A55C-77C2A067380F}.Debug|Any CPU.Build.0 = Debug|Any CPU
		{B210F4CE-CA14-4AE9-A55C-77C2A067380F}.Release|Any CPU.ActiveCfg = Release|Any CPU
		{B210F4CE-CA14-4AE9-A55C-77C2A067380F}.Release|Any CPU.Build.0 = Release|Any CPU
		{12C95696-9861-4C7B-8FD8-83D454D6B2E6}.Debug|Any CPU.ActiveCfg = Debug|Any CPU
		{12C95696-9861-4C7B-8FD8-83D454D6B2E6}.Debug|Any CPU.Build.0 = Debug|Any CPU
		{12C95696-9861-4C7B-8FD8-83D454D6B2E6}.Release|Any CPU.ActiveCfg = Release|Any CPU
		{12C95696-9861-4C7B-8FD8-83D454D6B2E6}.Release|Any CPU.Build.0 = Release|Any CPU
		{A287D296-1AAC-45A5-8826-5667D64538A0}.Debug|Any CPU.ActiveCfg = Debug|Any CPU
		{A287D296-1AAC-45A5-8826-5667D64538A0}.Debug|Any CPU.Build.0 = Debug|Any CPU
		{A287D296-1AAC-45A5-8826-5667D64538A0}.Release|Any CPU.ActiveCfg = Release|Any CPU
		{A287D296-1AAC-45A5-8826-5667D64538A0}.Release|Any CPU.Build.0 = Release|Any CPU
		{06DBA36C-2FAA-4E92-A10D-9A749C5DE30B}.Debug|Any CPU.ActiveCfg = Debug|Any CPU
		{06DBA36C-2FAA-4E92-A10D-9A749C5DE30B}.Debug|Any CPU.Build.0 = Debug|Any CPU
		{06DBA36C-2FAA-4E92-A10D-9A749C5DE30B}.Release|Any CPU.ActiveCfg = Release|Any CPU
		{06DBA36C-2FAA-4E92-A10D-9A749C5DE30B}.Release|Any CPU.Build.0 = Release|Any CPU
		{98C71F59-E0AF-48D6-9D3C-D74C9AFE2B3D}.Debug|Any CPU.ActiveCfg = Debug|Any CPU
		{98C71F59-E0AF-48D6-9D3C-D74C9AFE2B3D}.Debug|Any CPU.Build.0 = Debug|Any CPU
		{98C71F59-E0AF-48D6-9D3C-D74C9AFE2B3D}.Release|Any CPU.ActiveCfg = Release|Any CPU
		{98C71F59-E0AF-48D6-9D3C-D74C9AFE2B3D}.Release|Any CPU.Build.0 = Release|Any CPU
		{42057937-BD6F-4952-8B8B-E0E804C3CFA3}.Debug|Any CPU.ActiveCfg = Debug|Any CPU
		{42057937-BD6F-4952-8B8B-E0E804C3CFA3}.Debug|Any CPU.Build.0 = Debug|Any CPU
		{42057937-BD6F-4952-8B8B-E0E804C3CFA3}.Release|Any CPU.ActiveCfg = Release|Any CPU
		{42057937-BD6F-4952-8B8B-E0E804C3CFA3}.Release|Any CPU.Build.0 = Release|Any CPU
	EndGlobalSection
	GlobalSection(SolutionProperties) = preSolution
		HideSolutionNode = FALSE
	EndGlobalSection
	GlobalSection(NestedProjects) = preSolution
		{B3D98F97-5D4C-46D6-B100-29C9D3163D3E} = {A2BAA653-6D74-49F7-A5EB-C12061759C1F}
		{C48C97F7-D5A8-4C38-A577-E702AB9535A8} = {A2BAA653-6D74-49F7-A5EB-C12061759C1F}
		{23EA28E5-226B-49FF-ACB0-9E750FF75C8D} = {A2BAA653-6D74-49F7-A5EB-C12061759C1F}
		{31AECFAD-081F-46A2-9604-EECB87CD2CBB} = {23EA28E5-226B-49FF-ACB0-9E750FF75C8D}
		{0FFA01EE-30CF-4F32-8B73-59E3AF436B89} = {31AECFAD-081F-46A2-9604-EECB87CD2CBB}
		{A489ADC3-C386-4C34-8B26-5E460BA34403} = {A2BAA653-6D74-49F7-A5EB-C12061759C1F}
		{B175374A-CBF7-47C8-AD90-12D2C51DA060} = {A489ADC3-C386-4C34-8B26-5E460BA34403}
		{A73DFCA9-69DF-464B-A0BB-1FBCB1FC932E} = {A2BAA653-6D74-49F7-A5EB-C12061759C1F}
		{DC1F205A-485D-4E7B-B8AE-88089D012037} = {A73DFCA9-69DF-464B-A0BB-1FBCB1FC932E}
		{B161AE3B-7DF9-4925-8BCF-0BEC4164E22A} = {A73DFCA9-69DF-464B-A0BB-1FBCB1FC932E}
		{0B4F5AEB-C8AC-4905-A022-C07BDE4E4425} = {C48C97F7-D5A8-4C38-A577-E702AB9535A8}
		{35B6B6D7-07BD-4F6B-A62E-745C093FE462} = {DC1F205A-485D-4E7B-B8AE-88089D012037}
		{557818A0-B971-4517-B0D1-149C10B06CDC} = {AE6AD720-A02E-4E46-9E05-0C7C28D56D70}
		{641A1E4D-90A0-4A17-BF2C-0AA68B33BF50} = {557818A0-B971-4517-B0D1-149C10B06CDC}
		{6645C0B1-68AD-4261-AFB8-9EB64CE5E23F} = {641A1E4D-90A0-4A17-BF2C-0AA68B33BF50}
		{27F78A20-CBC2-47C3-9351-D581423258B5} = {DC1F205A-485D-4E7B-B8AE-88089D012037}
		{699C151A-4F40-4AD9-9786-5562AC4C9BB3} = {B3D98F97-5D4C-46D6-B100-29C9D3163D3E}
		{E82CF984-D110-4302-BF53-2FB6FE5CD5FB} = {B161AE3B-7DF9-4925-8BCF-0BEC4164E22A}
		{82158520-DC93-4B38-9BD5-2E79DC5B73B9} = {DC1F205A-485D-4E7B-B8AE-88089D012037}
		{2A445EE0-1973-469F-BA04-F3CA7941B2A4} = {B161AE3B-7DF9-4925-8BCF-0BEC4164E22A}
		{DA76AF8B-9A8F-4516-A21B-3049805E7E8A} = {641A1E4D-90A0-4A17-BF2C-0AA68B33BF50}
		{FF3EF4C0-3E04-4478-B667-936BAA7C9434} = {B161AE3B-7DF9-4925-8BCF-0BEC4164E22A}
		{58497948-215D-4C86-82BF-040319A37844} = {AE6AD720-A02E-4E46-9E05-0C7C28D56D70}
		{2D4E185A-7267-47B4-8C56-2AB6C8806B2B} = {58497948-215D-4C86-82BF-040319A37844}
		{6ED19C4E-7C49-4230-9036-90F446490D80} = {31AECFAD-081F-46A2-9604-EECB87CD2CBB}
		{AD636A2C-B349-4888-AA06-EF3FEDFDCC21} = {23EA28E5-226B-49FF-ACB0-9E750FF75C8D}
		{B210F4CE-CA14-4AE9-A55C-77C2A067380F} = {AD636A2C-B349-4888-AA06-EF3FEDFDCC21}
		{12C95696-9861-4C7B-8FD8-83D454D6B2E6} = {C48C97F7-D5A8-4C38-A577-E702AB9535A8}
		{74E2E9CD-5ACB-497A-98F2-C92BB710019D} = {A73DFCA9-69DF-464B-A0BB-1FBCB1FC932E}
		{1C76D2B8-0C3E-4530-9F3C-BA3D504F220A} = {AE6AD720-A02E-4E46-9E05-0C7C28D56D70}
		{A287D296-1AAC-45A5-8826-5667D64538A0} = {1C76D2B8-0C3E-4530-9F3C-BA3D504F220A}
		{06DBA36C-2FAA-4E92-A10D-9A749C5DE30B} = {74E2E9CD-5ACB-497A-98F2-C92BB710019D}
		{98C71F59-E0AF-48D6-9D3C-D74C9AFE2B3D} = {AE6AD720-A02E-4E46-9E05-0C7C28D56D70}
		{F9C7FA37-FBA8-4F02-BA94-450EABE96584} = {A73DFCA9-69DF-464B-A0BB-1FBCB1FC932E}
		{42057937-BD6F-4952-8B8B-E0E804C3CFA3} = {F9C7FA37-FBA8-4F02-BA94-450EABE96584}
	EndGlobalSection
	GlobalSection(ExtensibilityGlobals) = postSolution
		SolutionGuid = {3BE51886-88D7-4796-A127-C845D6F8DC78}
	EndGlobalSection
EndGlobal
