{
  "requires": true,
  "lockfileVersion": 1,
  "dependencies": {
    "tslib": {
      "version": "2.4.0",
      "resolved": "https://registry.npmjs.org/tslib/-/tslib-2.4.0.tgz",
      "integrity": "sha512-d6xOpEDfsi2CZVlPQzGeux8XMwLT9hssAsaPYExaQMuYskwb+x1x7J371tWlbBdWHroy99KnVB6qIkUbs5X3UQ=="
    },
    "zone.js": {
      "version": "0.11.3",
      "resolved": "https://registry.npmjs.org/zone.js/-/zone.js-0.11.3.tgz",
      "integrity": "sha512-Y4hTHoh4VcxU5BDGAqEoOnOiyT254w6CiHtpQxAJUSMZPyVgdbKf+5R7Mwz6xsPhMIeBXk5rTopRZDpjssTCUg==",
      "requires": {
        "tslib": "^2.0.0"
      }
    }
  }
}
